PODS:
  - boost-for-react-native (1.63.0)
  - CocoaAsyncSocket (7.6.3)
  - CocoaLibEvent (1.0.0)
  - DoubleConversion (1.1.6)
  - FBLazyVector (0.62.0-rc.2)
  - FBReactNativeSpec (0.62.0-rc.2):
    - Folly (= 2018.10.22.00)
    - RCTRequired (= 0.62.0-rc.2)
    - RCTTypeSafety (= 0.62.0-rc.2)
    - React-Core (= 0.62.0-rc.2)
    - React-jsi (= 0.62.0-rc.2)
    - ReactCommon/turbomodule/core (= 0.62.0-rc.2)
  - Flipper (0.30.1):
    - Flipper-Folly (~> 2.1)
    - Flipper-RSocket (~> 1.0)
  - Flipper-Folly (2.1.0):
    - boost-for-react-native
    - CocoaLibEvent (~> 1.0)
    - DoubleConversion
    - glog
    - OpenSSL-Universal (= 1.0.2.19)
  - Flipper-PeerTalk (0.0.4)
  - Flipper-RSocket (1.0.0):
    - Flipper-Folly (~> 2.0)
  - FlipperKit (0.30.1):
    - FlipperKit/Core (= 0.30.1)
  - FlipperKit/Core (0.30.1):
    - Flipper (~> 0.30.1)
    - FlipperKit/CppBridge
    - FlipperKit/FBCxxFollyDynamicConvert
    - FlipperKit/FBDefines
    - FlipperKit/FKPortForwarding
  - FlipperKit/CppBridge (0.30.1):
    - Flipper (~> 0.30.1)
  - FlipperKit/FBCxxFollyDynamicConvert (0.30.1):
    - Flipper-Folly (~> 2.1)
  - FlipperKit/FBDefines (0.30.1)
  - FlipperKit/FKPortForwarding (0.30.1):
    - CocoaAsyncSocket (~> 7.6)
    - Flipper-PeerTalk (~> 0.0.4)
  - FlipperKit/FlipperKitHighlightOverlay (0.30.1)
  - FlipperKit/FlipperKitLayoutPlugin (0.30.1):
    - FlipperKit/Core
    - FlipperKit/FlipperKitHighlightOverlay
    - FlipperKit/FlipperKitLayoutTextSearchable
    - YogaKit (~> 1.18)
  - FlipperKit/FlipperKitLayoutTextSearchable (0.30.1)
  - FlipperKit/FlipperKitNetworkPlugin (0.30.1):
    - FlipperKit/Core
  - FlipperKit/FlipperKitReactPlugin (0.30.1):
    - FlipperKit/Core
  - FlipperKit/FlipperKitUserDefaultsPlugin (0.30.1):
    - FlipperKit/Core
  - FlipperKit/SKIOSNetworkPlugin (0.30.1):
    - FlipperKit/Core
    - FlipperKit/FlipperKitNetworkPlugin
  - Folly (2018.10.22.00):
    - boost-for-react-native
    - DoubleConversion
    - Folly/Default (= 2018.10.22.00)
    - glog
  - Folly/Default (2018.10.22.00):
    - boost-for-react-native
    - DoubleConversion
    - glog
  - glog (0.3.5)
  - libwebp (1.1.0):
    - libwebp/demux (= 1.1.0)
    - libwebp/mux (= 1.1.0)
    - libwebp/webp (= 1.1.0)
  - libwebp/demux (1.1.0):
    - libwebp/webp
  - libwebp/mux (1.1.0):
    - libwebp/demux
  - libwebp/webp (1.1.0)
  - OpenSSL-Universal (1.0.2.19):
    - OpenSSL-Universal/Static (= 1.0.2.19)
  - OpenSSL-Universal/Static (1.0.2.19)
  - RCTRequired (0.62.0-rc.2)
  - RCTTypeSafety (0.62.0-rc.2):
    - FBLazyVector (= 0.62.0-rc.2)
    - Folly (= 2018.10.22.00)
    - RCTRequired (= 0.62.0-rc.2)
    - React-Core (= 0.62.0-rc.2)
  - React (0.62.0-rc.2):
    - React-Core (= 0.62.0-rc.2)
    - React-Core/DevSupport (= 0.62.0-rc.2)
    - React-Core/RCTWebSocket (= 0.62.0-rc.2)
    - React-RCTActionSheet (= 0.62.0-rc.2)
    - React-RCTAnimation (= 0.62.0-rc.2)
    - React-RCTBlob (= 0.62.0-rc.2)
    - React-RCTImage (= 0.62.0-rc.2)
    - React-RCTLinking (= 0.62.0-rc.2)
    - React-RCTNetwork (= 0.62.0-rc.2)
    - React-RCTSettings (= 0.62.0-rc.2)
    - React-RCTText (= 0.62.0-rc.2)
    - React-RCTVibration (= 0.62.0-rc.2)
  - React-Core (0.62.0-rc.2):
    - Folly (= 2018.10.22.00)
    - glog
    - React-Core/Default (= 0.62.0-rc.2)
    - React-cxxreact (= 0.62.0-rc.2)
    - React-jsi (= 0.62.0-rc.2)
    - React-jsiexecutor (= 0.62.0-rc.2)
    - Yoga
  - React-Core/CoreModulesHeaders (0.62.0-rc.2):
    - Folly (= 2018.10.22.00)
    - glog
    - React-Core/Default
    - React-cxxreact (= 0.62.0-rc.2)
    - React-jsi (= 0.62.0-rc.2)
    - React-jsiexecutor (= 0.62.0-rc.2)
    - Yoga
  - React-Core/Default (0.62.0-rc.2):
    - Folly (= 2018.10.22.00)
    - glog
    - React-cxxreact (= 0.62.0-rc.2)
    - React-jsi (= 0.62.0-rc.2)
    - React-jsiexecutor (= 0.62.0-rc.2)
    - Yoga
  - React-Core/DevSupport (0.62.0-rc.2):
    - Folly (= 2018.10.22.00)
    - glog
    - React-Core/Default (= 0.62.0-rc.2)
    - React-Core/RCTWebSocket (= 0.62.0-rc.2)
    - React-cxxreact (= 0.62.0-rc.2)
    - React-jsi (= 0.62.0-rc.2)
    - React-jsiexecutor (= 0.62.0-rc.2)
    - React-jsinspector (= 0.62.0-rc.2)
    - Yoga
  - React-Core/RCTActionSheetHeaders (0.62.0-rc.2):
    - Folly (= 2018.10.22.00)
    - glog
    - React-Core/Default
    - React-cxxreact (= 0.62.0-rc.2)
    - React-jsi (= 0.62.0-rc.2)
    - React-jsiexecutor (= 0.62.0-rc.2)
    - Yoga
  - React-Core/RCTAnimationHeaders (0.62.0-rc.2):
    - Folly (= 2018.10.22.00)
    - glog
    - React-Core/Default
    - React-cxxreact (= 0.62.0-rc.2)
    - React-jsi (= 0.62.0-rc.2)
    - React-jsiexecutor (= 0.62.0-rc.2)
    - Yoga
  - React-Core/RCTBlobHeaders (0.62.0-rc.2):
    - Folly (= 2018.10.22.00)
    - glog
    - React-Core/Default
    - React-cxxreact (= 0.62.0-rc.2)
    - React-jsi (= 0.62.0-rc.2)
    - React-jsiexecutor (= 0.62.0-rc.2)
    - Yoga
  - React-Core/RCTImageHeaders (0.62.0-rc.2):
    - Folly (= 2018.10.22.00)
    - glog
    - React-Core/Default
    - React-cxxreact (= 0.62.0-rc.2)
    - React-jsi (= 0.62.0-rc.2)
    - React-jsiexecutor (= 0.62.0-rc.2)
    - Yoga
  - React-Core/RCTLinkingHeaders (0.62.0-rc.2):
    - Folly (= 2018.10.22.00)
    - glog
    - React-Core/Default
    - React-cxxreact (= 0.62.0-rc.2)
    - React-jsi (= 0.62.0-rc.2)
    - React-jsiexecutor (= 0.62.0-rc.2)
    - Yoga
  - React-Core/RCTNetworkHeaders (0.62.0-rc.2):
    - Folly (= 2018.10.22.00)
    - glog
    - React-Core/Default
    - React-cxxreact (= 0.62.0-rc.2)
    - React-jsi (= 0.62.0-rc.2)
    - React-jsiexecutor (= 0.62.0-rc.2)
    - Yoga
  - React-Core/RCTSettingsHeaders (0.62.0-rc.2):
    - Folly (= 2018.10.22.00)
    - glog
    - React-Core/Default
    - React-cxxreact (= 0.62.0-rc.2)
    - React-jsi (= 0.62.0-rc.2)
    - React-jsiexecutor (= 0.62.0-rc.2)
    - Yoga
  - React-Core/RCTTextHeaders (0.62.0-rc.2):
    - Folly (= 2018.10.22.00)
    - glog
    - React-Core/Default
    - React-cxxreact (= 0.62.0-rc.2)
    - React-jsi (= 0.62.0-rc.2)
    - React-jsiexecutor (= 0.62.0-rc.2)
    - Yoga
  - React-Core/RCTVibrationHeaders (0.62.0-rc.2):
    - Folly (= 2018.10.22.00)
    - glog
    - React-Core/Default
    - React-cxxreact (= 0.62.0-rc.2)
    - React-jsi (= 0.62.0-rc.2)
    - React-jsiexecutor (= 0.62.0-rc.2)
    - Yoga
  - React-Core/RCTWebSocket (0.62.0-rc.2):
    - Folly (= 2018.10.22.00)
    - glog
    - React-Core/Default (= 0.62.0-rc.2)
    - React-cxxreact (= 0.62.0-rc.2)
    - React-jsi (= 0.62.0-rc.2)
    - React-jsiexecutor (= 0.62.0-rc.2)
    - Yoga
  - React-CoreModules (0.62.0-rc.2):
    - FBReactNativeSpec (= 0.62.0-rc.2)
    - Folly (= 2018.10.22.00)
    - RCTTypeSafety (= 0.62.0-rc.2)
    - React-Core/CoreModulesHeaders (= 0.62.0-rc.2)
    - React-RCTImage (= 0.62.0-rc.2)
    - ReactCommon/turbomodule/core (= 0.62.0-rc.2)
  - React-cxxreact (0.62.0-rc.2):
    - boost-for-react-native (= 1.63.0)
    - DoubleConversion
    - Folly (= 2018.10.22.00)
    - glog
    - React-jsinspector (= 0.62.0-rc.2)
  - React-jsi (0.62.0-rc.2):
    - boost-for-react-native (= 1.63.0)
    - DoubleConversion
    - Folly (= 2018.10.22.00)
    - glog
    - React-jsi/Default (= 0.62.0-rc.2)
  - React-jsi/Default (0.62.0-rc.2):
    - boost-for-react-native (= 1.63.0)
    - DoubleConversion
    - Folly (= 2018.10.22.00)
    - glog
  - React-jsiexecutor (0.62.0-rc.2):
    - DoubleConversion
    - Folly (= 2018.10.22.00)
    - glog
    - React-cxxreact (= 0.62.0-rc.2)
    - React-jsi (= 0.62.0-rc.2)
  - React-jsinspector (0.62.0-rc.2)
  - react-native-appearance (0.3.2):
    - React
  - react-native-safe-area-context (0.6.4):
    - React
  - React-RCTActionSheet (0.62.0-rc.2):
    - React-Core/RCTActionSheetHeaders (= 0.62.0-rc.2)
  - React-RCTAnimation (0.62.0-rc.2):
    - FBReactNativeSpec (= 0.62.0-rc.2)
    - Folly (= 2018.10.22.00)
    - RCTTypeSafety (= 0.62.0-rc.2)
    - React-Core/RCTAnimationHeaders (= 0.62.0-rc.2)
    - ReactCommon/turbomodule/core (= 0.62.0-rc.2)
  - React-RCTBlob (0.62.0-rc.2):
    - FBReactNativeSpec (= 0.62.0-rc.2)
    - Folly (= 2018.10.22.00)
    - React-Core/RCTBlobHeaders (= 0.62.0-rc.2)
    - React-Core/RCTWebSocket (= 0.62.0-rc.2)
    - React-jsi (= 0.62.0-rc.2)
    - React-RCTNetwork (= 0.62.0-rc.2)
    - ReactCommon/turbomodule/core (= 0.62.0-rc.2)
  - React-RCTImage (0.62.0-rc.2):
    - FBReactNativeSpec (= 0.62.0-rc.2)
    - Folly (= 2018.10.22.00)
    - RCTTypeSafety (= 0.62.0-rc.2)
    - React-Core/RCTImageHeaders (= 0.62.0-rc.2)
    - React-RCTNetwork (= 0.62.0-rc.2)
    - ReactCommon/turbomodule/core (= 0.62.0-rc.2)
  - React-RCTLinking (0.62.0-rc.2):
    - FBReactNativeSpec (= 0.62.0-rc.2)
    - React-Core/RCTLinkingHeaders (= 0.62.0-rc.2)
    - ReactCommon/turbomodule/core (= 0.62.0-rc.2)
  - React-RCTNetwork (0.62.0-rc.2):
    - FBReactNativeSpec (= 0.62.0-rc.2)
    - Folly (= 2018.10.22.00)
    - RCTTypeSafety (= 0.62.0-rc.2)
    - React-Core/RCTNetworkHeaders (= 0.62.0-rc.2)
    - ReactCommon/turbomodule/core (= 0.62.0-rc.2)
  - React-RCTSettings (0.62.0-rc.2):
    - FBReactNativeSpec (= 0.62.0-rc.2)
    - Folly (= 2018.10.22.00)
    - RCTTypeSafety (= 0.62.0-rc.2)
    - React-Core/RCTSettingsHeaders (= 0.62.0-rc.2)
    - ReactCommon/turbomodule/core (= 0.62.0-rc.2)
  - React-RCTText (0.62.0-rc.2):
    - React-Core/RCTTextHeaders (= 0.62.0-rc.2)
  - React-RCTVibration (0.62.0-rc.2):
    - FBReactNativeSpec (= 0.62.0-rc.2)
    - Folly (= 2018.10.22.00)
    - React-Core/RCTVibrationHeaders (= 0.62.0-rc.2)
    - ReactCommon/turbomodule/core (= 0.62.0-rc.2)
  - ReactCommon/callinvoker (0.62.0-rc.2):
    - DoubleConversion
    - Folly (= 2018.10.22.00)
    - glog
    - React-cxxreact (= 0.62.0-rc.2)
  - ReactCommon/turbomodule/core (0.62.0-rc.2):
    - DoubleConversion
    - Folly (= 2018.10.22.00)
    - glog
    - React-Core (= 0.62.0-rc.2)
    - React-cxxreact (= 0.62.0-rc.2)
    - React-jsi (= 0.62.0-rc.2)
    - ReactCommon/callinvoker (= 0.62.0-rc.2)
  - RNCMaskedView (0.1.6):
    - React
  - RNFastImage (7.0.2):
    - React
    - SDWebImage (~> 5.0)
    - SDWebImageWebPCoder (~> 0.2.3)
  - RNGestureHandler (1.6.0):
    - React
  - RNLocalize (1.3.3):
    - React
  - RNReanimated (1.7.0):
    - React
  - RNScreens (2.0.0-beta.8):
    - React
  - RNVectorIcons (6.6.0):
    - React
  - SDWebImage (5.5.2):
    - SDWebImage/Core (= 5.5.2)
  - SDWebImage/Core (5.5.2)
  - SDWebImageWebPCoder (0.2.5):
    - libwebp (~> 1.0)
    - SDWebImage/Core (~> 5.0)
  - Yoga (1.14.0)
  - YogaKit (1.18.1):
    - Yoga (~> 1.14)

DEPENDENCIES:
  - DoubleConversion (from `../node_modules/react-native/third-party-podspecs/DoubleConversion.podspec`)
  - FBLazyVector (from `../node_modules/react-native/Libraries/FBLazyVector`)
  - FBReactNativeSpec (from `../node_modules/react-native/Libraries/FBReactNativeSpec`)
  - FlipperKit (~> 0.30.0)
  - FlipperKit/FlipperKitLayoutPlugin (~> 0.30.0)
  - FlipperKit/FlipperKitReactPlugin (~> 0.30.0)
  - FlipperKit/FlipperKitUserDefaultsPlugin (~> 0.30.0)
  - FlipperKit/SKIOSNetworkPlugin (~> 0.30.0)
  - Folly (from `../node_modules/react-native/third-party-podspecs/Folly.podspec`)
  - glog (from `../node_modules/react-native/third-party-podspecs/glog.podspec`)
  - RCTRequired (from `../node_modules/react-native/Libraries/RCTRequired`)
  - RCTTypeSafety (from `../node_modules/react-native/Libraries/TypeSafety`)
  - React (from `../node_modules/react-native/`)
  - React-Core (from `../node_modules/react-native/`)
  - React-Core/DevSupport (from `../node_modules/react-native/`)
  - React-Core/RCTWebSocket (from `../node_modules/react-native/`)
  - React-CoreModules (from `../node_modules/react-native/React/CoreModules`)
  - React-cxxreact (from `../node_modules/react-native/ReactCommon/cxxreact`)
  - React-jsi (from `../node_modules/react-native/ReactCommon/jsi`)
  - React-jsiexecutor (from `../node_modules/react-native/ReactCommon/jsiexecutor`)
  - React-jsinspector (from `../node_modules/react-native/ReactCommon/jsinspector`)
  - react-native-appearance (from `../node_modules/react-native-appearance`)
  - react-native-safe-area-context (from `../node_modules/react-native-safe-area-context`)
  - React-RCTActionSheet (from `../node_modules/react-native/Libraries/ActionSheetIOS`)
  - React-RCTAnimation (from `../node_modules/react-native/Libraries/NativeAnimation`)
  - React-RCTBlob (from `../node_modules/react-native/Libraries/Blob`)
  - React-RCTImage (from `../node_modules/react-native/Libraries/Image`)
  - React-RCTLinking (from `../node_modules/react-native/Libraries/LinkingIOS`)
  - React-RCTNetwork (from `../node_modules/react-native/Libraries/Network`)
  - React-RCTSettings (from `../node_modules/react-native/Libraries/Settings`)
  - React-RCTText (from `../node_modules/react-native/Libraries/Text`)
  - React-RCTVibration (from `../node_modules/react-native/Libraries/Vibration`)
  - ReactCommon/callinvoker (from `../node_modules/react-native/ReactCommon`)
  - ReactCommon/turbomodule/core (from `../node_modules/react-native/ReactCommon`)
  - "RNCMaskedView (from `../node_modules/@react-native-community/masked-view`)"
  - RNFastImage (from `../node_modules/react-native-fast-image`)
  - RNGestureHandler (from `../node_modules/react-native-gesture-handler`)
  - RNLocalize (from `../node_modules/react-native-localize`)
  - RNReanimated (from `../node_modules/react-native-reanimated`)
  - RNScreens (from `../node_modules/react-native-screens`)
  - RNVectorIcons (from `../node_modules/react-native-vector-icons`)
  - Yoga (from `../node_modules/react-native/ReactCommon/yoga`)

SPEC REPOS:
  trunk:
    - boost-for-react-native
    - CocoaAsyncSocket
    - CocoaLibEvent
    - Flipper
    - Flipper-Folly
    - Flipper-PeerTalk
    - Flipper-RSocket
    - FlipperKit
    - libwebp
    - OpenSSL-Universal
    - SDWebImage
    - SDWebImageWebPCoder
    - YogaKit

EXTERNAL SOURCES:
  DoubleConversion:
    :podspec: "../node_modules/react-native/third-party-podspecs/DoubleConversion.podspec"
  FBLazyVector:
    :path: "../node_modules/react-native/Libraries/FBLazyVector"
  FBReactNativeSpec:
    :path: "../node_modules/react-native/Libraries/FBReactNativeSpec"
  Folly:
    :podspec: "../node_modules/react-native/third-party-podspecs/Folly.podspec"
  glog:
    :podspec: "../node_modules/react-native/third-party-podspecs/glog.podspec"
  RCTRequired:
    :path: "../node_modules/react-native/Libraries/RCTRequired"
  RCTTypeSafety:
    :path: "../node_modules/react-native/Libraries/TypeSafety"
  React:
    :path: "../node_modules/react-native/"
  React-Core:
    :path: "../node_modules/react-native/"
  React-CoreModules:
    :path: "../node_modules/react-native/React/CoreModules"
  React-cxxreact:
    :path: "../node_modules/react-native/ReactCommon/cxxreact"
  React-jsi:
    :path: "../node_modules/react-native/ReactCommon/jsi"
  React-jsiexecutor:
    :path: "../node_modules/react-native/ReactCommon/jsiexecutor"
  React-jsinspector:
    :path: "../node_modules/react-native/ReactCommon/jsinspector"
  react-native-appearance:
    :path: "../node_modules/react-native-appearance"
  react-native-safe-area-context:
    :path: "../node_modules/react-native-safe-area-context"
  React-RCTActionSheet:
    :path: "../node_modules/react-native/Libraries/ActionSheetIOS"
  React-RCTAnimation:
    :path: "../node_modules/react-native/Libraries/NativeAnimation"
  React-RCTBlob:
    :path: "../node_modules/react-native/Libraries/Blob"
  React-RCTImage:
    :path: "../node_modules/react-native/Libraries/Image"
  React-RCTLinking:
    :path: "../node_modules/react-native/Libraries/LinkingIOS"
  React-RCTNetwork:
    :path: "../node_modules/react-native/Libraries/Network"
  React-RCTSettings:
    :path: "../node_modules/react-native/Libraries/Settings"
  React-RCTText:
    :path: "../node_modules/react-native/Libraries/Text"
  React-RCTVibration:
    :path: "../node_modules/react-native/Libraries/Vibration"
  ReactCommon:
    :path: "../node_modules/react-native/ReactCommon"
  RNCMaskedView:
    :path: "../node_modules/@react-native-community/masked-view"
  RNFastImage:
    :path: "../node_modules/react-native-fast-image"
  RNGestureHandler:
    :path: "../node_modules/react-native-gesture-handler"
  RNLocalize:
    :path: "../node_modules/react-native-localize"
  RNReanimated:
    :path: "../node_modules/react-native-reanimated"
  RNScreens:
    :path: "../node_modules/react-native-screens"
  RNVectorIcons:
    :path: "../node_modules/react-native-vector-icons"
  Yoga:
    :path: "../node_modules/react-native/ReactCommon/yoga"

SPEC CHECKSUMS:
  boost-for-react-native: 39c7adb57c4e60d6c5479dd8623128eb5b3f0f2c
  CocoaAsyncSocket: eafaa68a7e0ec99ead0a7b35015e0bf25d2c8987
  CocoaLibEvent: 2fab71b8bd46dd33ddb959f7928ec5909f838e3f
  DoubleConversion: 5805e889d232975c086db112ece9ed034df7a0b2
  FBLazyVector: 3a63296cdcb41c9559bdf0b89925e48356caf659
  FBReactNativeSpec: 9c43506f8ba7b66ff772cf5e3475fc9336a5fc16
  Flipper: d591b88245dc8c8147819aa249f911923c7417fc
  Flipper-Folly: bcae82405dafd18ac9f8d9d4902fd1c2ef2a7e77
  Flipper-PeerTalk: 116d8f857dc6ef55c7a5a75ea3ceaafe878aadc9
  Flipper-RSocket: 1260a31c05c238eabfa9bb8a64e3983049048371
  FlipperKit: 3e13631bca7c5ec0dd54ee1d096f5e5d32a5d784
  Folly: 30e7936e1c45c08d884aa59369ed951a8e68cf51
  glog: 1f3da668190260b06b429bb211bfbee5cd790c28
  libwebp: 946cb3063cea9236285f7e9a8505d806d30e07f3
  OpenSSL-Universal: 8b48cc0d10c1b2923617dfe5c178aa9ed2689355
  RCTRequired: c753798ad8bff8d5a7bc6f65aa9f6b6a0bb85a5b
  RCTTypeSafety: 5e3a8489f808928eec3ece76171de121d36252f7
  React: 93bbc94cdcba4d8a99db91490ff10f50ba6df7fd
  React-Core: edc93fa625e0c970285d60bdc851372fd4629535
  React-CoreModules: 802715e29ce537cb4656979a3bf244f2dc826d72
  React-cxxreact: 10bdd90d5ce669e4b23685f5079f7744d128629b
  React-jsi: 14903e49338d2876fb4d1c4b0fbc5f3fc78c4cb4
  React-jsiexecutor: 2c0b53fbf62c52d4870efa7eb2b405f8e21a3420
  React-jsinspector: c00f6457344d544a7eb38c8d3b2649950d755c50
  react-native-appearance: c2e0666225d999f7f0e7d9a9cb6c627c6e4c4b92
  react-native-safe-area-context: 52342d2d80ea8faadd0ffa76d83b6051f20c5329
  React-RCTActionSheet: 9165a4330680a40ae79265b1cc9be7801545d080
  React-RCTAnimation: d9bb058df55a4ecebf758eb433de94f908b0a140
  React-RCTBlob: 080defa99253c82722ea6dd4992c0c004507be13
  React-RCTImage: 307a6f15cb8fade3127182a9d3c461d5527e1849
  React-RCTLinking: 9ff7e1d257b6511a3de57551c04726cbcd9e7c3c
  React-RCTNetwork: d52d690e0fcb459f71b217e5cbda1c5b56eac5ca
  React-RCTSettings: 0e353b16387e19a706c9a1e0ce67bbefb6e90be3
  React-RCTText: 4bbc0f9a4f86abc8848f6191d1c200c78a9adcd6
  React-RCTVibration: c342fbbea87ed2166aca549cfaeb7196aaf6a52c
  ReactCommon: 9cfce10f35223a8b6077f9f14767ca12a4b77b01
  RNCMaskedView: a88953beefbd347a29072d9eba90e42945fe291e
  RNFastImage: 9b0c22643872bb7494c8d87bbbb66cc4c0d9e7a2
  RNGestureHandler: dde546180bf24af0b5f737c8ad04b6f3fa51609a
  RNLocalize: a734b53c45e77acd3ffb78b92e63bb4d6cd13257
  RNReanimated: 031fe8d9ea93c2bd689a40f05320ef9d96f74d7f
  RNScreens: d56b2da8367a56bbc9840e16d968339eb0ec7e7f
  RNVectorIcons: 0bb4def82230be1333ddaeee9fcba45f0b288ed4
  SDWebImage: 4d5c027c935438f341ed33dbac53ff9f479922ca
  SDWebImageWebPCoder: 947093edd1349d820c40afbd9f42acb6cdecd987
  Yoga: 6f3c4dceaf110e0f9dc028a1b445500b25a2bb37
  YogaKit: f782866e155069a2cca2517aafea43200b01fd5a

PODFILE CHECKSUM: 9c0b1b77c98c9bf2ab0e651a9dd70c5fd5e515d6

COCOAPODS: 1.8.4
